
Microsoft Visual Studio Solution File, Format Version 12.00
# Visual Studio 15
VisualStudioVersion = 15.0.28307.705
MinimumVisualStudioVersion = 10.0.40219.1
Project("{2150E333-8FDC-42A3-9474-1A3956D46DE8}") = "src", "src", "{AFAA0841-BD93-466F-B8F4-FB4EEC86F1FC}"
EndProject
Project("{2150E333-8FDC-42A3-9474-1A3956D46DE8}") = "test", "test", "{F10AA149-2626-486E-85BB-9CD5365F3016}"
EndProject
Project("{9A19103F-16F7-4668-BE54-9A1E7A4F7556}") = "Research.Core", "src\Research.Core\Research.Core.csproj", "{0FA75A5B-AB83-4FD0-B545-279774C01E87}"
EndProject
Project("{9A19103F-16F7-4668-BE54-9A1E7A4F7556}") = "Research.Application", "src\Research.Application\Research.Application.csproj", "{3870C648-4AEA-4B85-BA3F-F2F63B96136A}"
EndProject
Project("{9A19103F-16F7-4668-BE54-9A1E7A4F7556}") = "Research.Tests", "test\Research.Tests\Research.Tests.csproj", "{0D4C5D00-C144-4213-A007-4B8944113AB1}"
EndProject
Project("{9A19103F-16F7-4668-BE54-9A1E7A4F7556}") = "Research.Migrator", "src\Research.Migrator\Research.Migrator.csproj", "{880B3591-E057-46FE-B525-10BD83828B93}"
EndProject
Project("{9A19103F-16F7-4668-BE54-9A1E7A4F7556}") = "Research.Web.Host", "src\Research.Web.Host\Research.Web.Host.csproj", "{38E184BD-E874-4633-A947-AED4FDB73F40}"
EndProject
Project("{9A19103F-16F7-4668-BE54-9A1E7A4F7556}") = "Research.Web.Core", "src\Research.Web.Core\Research.Web.Core.csproj", "{22CFE0D2-8DCA-42D7-AD7D-784C3862493F}"
EndProject
Project("{9A19103F-16F7-4668-BE54-9A1E7A4F7556}") = "Research.Web.Mvc", "src\Research.Web.Mvc\Research.Web.Mvc.csproj", "{A2213374-BB48-48FD-BBD4-81E6A961D866}"
EndProject
Project("{9A19103F-16F7-4668-BE54-9A1E7A4F7556}") = "Research.EntityFrameworkCore", "src\Research.EntityFrameworkCore\Research.EntityFrameworkCore.csproj", "{E0580562-F8F2-4EBB-B07A-ABFC6F2C314F}"
EndProject
Project("{9A19103F-16F7-4668-BE54-9A1E7A4F7556}") = "Research.ConsoleApiTester", "test\Research.ConsoleApiTester\Research.ConsoleApiTester.csproj", "{2328598D-682B-4AED-866D-B87BCE1322BF}"
EndProject
Project("{2150E333-8FDC-42A3-9474-1A3956D46DE8}") = "applications", "applications", "{0811A758-A57A-4B91-A980-D96F34371ADD}"
EndProject
Project("{2150E333-8FDC-42A3-9474-1A3956D46DE8}") = "gateways", "gateways", "{7BF050EF-A423-453D-898D-74610877BA6B}"
EndProject
Project("{2150E333-8FDC-42A3-9474-1A3956D46DE8}") = "microservices", "microservices", "{DA99F457-1796-4D0A-AA62-D646204A9057}"
EndProject
Project("{2150E333-8FDC-42A3-9474-1A3956D46DE8}") = "modules", "modules", "{8013F02D-D56E-4378-BADA-2038C573049C}"
EndProject
Project("{9A19103F-16F7-4668-BE54-9A1E7A4F7556}") = "PartyService.Host", "microservices\PartyService.Host\PartyService.Host.csproj", "{285F5360-6318-4E00-A13B-92FFC34F4A7C}"
EndProject
Project("{9A19103F-16F7-4668-BE54-9A1E7A4F7556}") = "OcelotGateway.Host", "gateways\OcelotGateway.Host\OcelotGateway.Host.csproj", "{04B32374-D7CD-4D15-8A64-1FFD6371F3B6}"
EndProject
Project("{9A19103F-16F7-4668-BE54-9A1E7A4F7556}") = "ID4Service.Host", "applications\ID4Service.Host\ID4Service.Host.csproj", "{F6F1EB9E-93AB-42AE-AC32-83E6AD1A1E3D}"
EndProject
Project("{2150E333-8FDC-42A3-9474-1A3956D46DE8}") = "members", "members", "{7F3DA510-1AC1-41BB-93BF-2CD33AA6E2BE}"
EndProject
Project("{9A19103F-16F7-4668-BE54-9A1E7A4F7556}") = "Research.Member.Web", "microservices\Member\Research.Member.Web\Research.Member.Web.csproj", "{6DDD09B4-2C25-4C8B-B6D7-7E978438CD18}"
EndProject
Project("{9A19103F-16F7-4668-BE54-9A1E7A4F7556}") = "Research.Member.EntityFrameworkCore", "microservices\Member\Research.Member.EntityFrameworkCore\Research.Member.EntityFrameworkCore.csproj", "{7B3F933C-2389-4AB1-AFD9-E14D6ACF51C0}"
EndProject
Project("{9A19103F-16F7-4668-BE54-9A1E7A4F7556}") = "Research.Member.Application", "microservices\Member\Research.Member.Application\Research.Member.Application.csproj", "{E6521028-E6AF-4FD4-9540-404050CAB622}"
EndProject
Project("{9A19103F-16F7-4668-BE54-9A1E7A4F7556}") = "Research.Member.Core", "microservices\Member\Research.Member.Core\Research.Member.Core.csproj", "{4E1F19B6-E76F-497E-A0D5-59C9C87B8101}"
EndProject
Project("{9A19103F-16F7-4668-BE54-9A1E7A4F7556}") = "BookService.Host", "microservices\BookService.Host\BookService.Host.csproj", "{1BEB7FF2-DBBB-4041-8BB4-99E4A1BCAF45}"
EndProject
Project("{9A19103F-16F7-4668-BE54-9A1E7A4F7556}") = "ImageService.Host", "microservices\ImageService.Host\ImageService.Host.csproj", "{990622DB-36A9-48C1-888A-CA76414077B5}"
EndProject
Global
	GlobalSection(SolutionConfigurationPlatforms) = preSolution
		Debug|Any CPU = Debug|Any CPU
		Release|Any CPU = Release|Any CPU
	EndGlobalSection
	GlobalSection(ProjectConfigurationPlatforms) = postSolution
		{0FA75A5B-AB83-4FD0-B545-279774C01E87}.Debug|Any CPU.ActiveCfg = Debug|Any CPU
		{0FA75A5B-AB83-4FD0-B545-279774C01E87}.Debug|Any CPU.Build.0 = Debug|Any CPU
		{0FA75A5B-AB83-4FD0-B545-279774C01E87}.Release|Any CPU.ActiveCfg = Release|Any CPU
		{0FA75A5B-AB83-4FD0-B545-279774C01E87}.Release|Any CPU.Build.0 = Release|Any CPU
		{3870C648-4AEA-4B85-BA3F-F2F63B96136A}.Debug|Any CPU.ActiveCfg = Debug|Any CPU
		{3870C648-4AEA-4B85-BA3F-F2F63B96136A}.Debug|Any CPU.Build.0 = Debug|Any CPU
		{3870C648-4AEA-4B85-BA3F-F2F63B96136A}.Release|Any CPU.ActiveCfg = Release|Any CPU
		{3870C648-4AEA-4B85-BA3F-F2F63B96136A}.Release|Any CPU.Build.0 = Release|Any CPU
		{0D4C5D00-C144-4213-A007-4B8944113AB1}.Debug|Any CPU.ActiveCfg = Debug|Any CPU
		{0D4C5D00-C144-4213-A007-4B8944113AB1}.Debug|Any CPU.Build.0 = Debug|Any CPU
		{0D4C5D00-C144-4213-A007-4B8944113AB1}.Release|Any CPU.ActiveCfg = Release|Any CPU
		{0D4C5D00-C144-4213-A007-4B8944113AB1}.Release|Any CPU.Build.0 = Release|Any CPU
		{880B3591-E057-46FE-B525-10BD83828B93}.Debug|Any CPU.ActiveCfg = Debug|Any CPU
		{880B3591-E057-46FE-B525-10BD83828B93}.Debug|Any CPU.Build.0 = Debug|Any CPU
		{880B3591-E057-46FE-B525-10BD83828B93}.Release|Any CPU.ActiveCfg = Release|Any CPU
		{880B3591-E057-46FE-B525-10BD83828B93}.Release|Any CPU.Build.0 = Release|Any CPU
		{38E184BD-E874-4633-A947-AED4FDB73F40}.Debug|Any CPU.ActiveCfg = Debug|Any CPU
		{38E184BD-E874-4633-A947-AED4FDB73F40}.Debug|Any CPU.Build.0 = Debug|Any CPU
		{38E184BD-E874-4633-A947-AED4FDB73F40}.Release|Any CPU.ActiveCfg = Release|Any CPU
		{38E184BD-E874-4633-A947-AED4FDB73F40}.Release|Any CPU.Build.0 = Release|Any CPU
		{22CFE0D2-8DCA-42D7-AD7D-784C3862493F}.Debug|Any CPU.ActiveCfg = Debug|Any CPU
		{22CFE0D2-8DCA-42D7-AD7D-784C3862493F}.Debug|Any CPU.Build.0 = Debug|Any CPU
		{22CFE0D2-8DCA-42D7-AD7D-784C3862493F}.Release|Any CPU.ActiveCfg = Release|Any CPU
		{22CFE0D2-8DCA-42D7-AD7D-784C3862493F}.Release|Any CPU.Build.0 = Release|Any CPU
		{A2213374-BB48-48FD-BBD4-81E6A961D866}.Debug|Any CPU.ActiveCfg = Debug|Any CPU
		{A2213374-BB48-48FD-BBD4-81E6A961D866}.Debug|Any CPU.Build.0 = Debug|Any CPU
		{A2213374-BB48-48FD-BBD4-81E6A961D866}.Release|Any CPU.ActiveCfg = Release|Any CPU
		{A2213374-BB48-48FD-BBD4-81E6A961D866}.Release|Any CPU.Build.0 = Release|Any CPU
		{E0580562-F8F2-4EBB-B07A-ABFC6F2C314F}.Debug|Any CPU.ActiveCfg = Debug|Any CPU
		{E0580562-F8F2-4EBB-B07A-ABFC6F2C314F}.Debug|Any CPU.Build.0 = Debug|Any CPU
		{E0580562-F8F2-4EBB-B07A-ABFC6F2C314F}.Release|Any CPU.ActiveCfg = Release|Any CPU
		{E0580562-F8F2-4EBB-B07A-ABFC6F2C314F}.Release|Any CPU.Build.0 = Release|Any CPU
		{2328598D-682B-4AED-866D-B87BCE1322BF}.Debug|Any CPU.ActiveCfg = Debug|Any CPU
		{2328598D-682B-4AED-866D-B87BCE1322BF}.Debug|Any CPU.Build.0 = Debug|Any CPU
		{2328598D-682B-4AED-866D-B87BCE1322BF}.Release|Any CPU.ActiveCfg = Release|Any CPU
		{2328598D-682B-4AED-866D-B87BCE1322BF}.Release|Any CPU.Build.0 = Release|Any CPU
		{285F5360-6318-4E00-A13B-92FFC34F4A7C}.Debug|Any CPU.ActiveCfg = Debug|Any CPU
		{285F5360-6318-4E00-A13B-92FFC34F4A7C}.Debug|Any CPU.Build.0 = Debug|Any CPU
		{285F5360-6318-4E00-A13B-92FFC34F4A7C}.Release|Any CPU.ActiveCfg = Release|Any CPU
		{285F5360-6318-4E00-A13B-92FFC34F4A7C}.Release|Any CPU.Build.0 = Release|Any CPU
		{04B32374-D7CD-4D15-8A64-1FFD6371F3B6}.Debug|Any CPU.ActiveCfg = Debug|Any CPU
		{04B32374-D7CD-4D15-8A64-1FFD6371F3B6}.Debug|Any CPU.Build.0 = Debug|Any CPU
		{04B32374-D7CD-4D15-8A64-1FFD6371F3B6}.Release|Any CPU.ActiveCfg = Release|Any CPU
		{04B32374-D7CD-4D15-8A64-1FFD6371F3B6}.Release|Any CPU.Build.0 = Release|Any CPU
		{F6F1EB9E-93AB-42AE-AC32-83E6AD1A1E3D}.Debug|Any CPU.ActiveCfg = Debug|Any CPU
		{F6F1EB9E-93AB-42AE-AC32-83E6AD1A1E3D}.Debug|Any CPU.Build.0 = Debug|Any CPU
		{F6F1EB9E-93AB-42AE-AC32-83E6AD1A1E3D}.Release|Any CPU.ActiveCfg = Release|Any CPU
		{F6F1EB9E-93AB-42AE-AC32-83E6AD1A1E3D}.Release|Any CPU.Build.0 = Release|Any CPU
		{6DDD09B4-2C25-4C8B-B6D7-7E978438CD18}.Debug|Any CPU.ActiveCfg = Debug|Any CPU
		{6DDD09B4-2C25-4C8B-B6D7-7E978438CD18}.Debug|Any CPU.Build.0 = Debug|Any CPU
		{6DDD09B4-2C25-4C8B-B6D7-7E978438CD18}.Release|Any CPU.ActiveCfg = Release|Any CPU
		{6DDD09B4-2C25-4C8B-B6D7-7E978438CD18}.Release|Any CPU.Build.0 = Release|Any CPU
		{7B3F933C-2389-4AB1-AFD9-E14D6ACF51C0}.Debug|Any CPU.ActiveCfg = Debug|Any CPU
		{7B3F933C-2389-4AB1-AFD9-E14D6ACF51C0}.Debug|Any CPU.Build.0 = Debug|Any CPU
		{7B3F933C-2389-4AB1-AFD9-E14D6ACF51C0}.Release|Any CPU.ActiveCfg = Release|Any CPU
		{7B3F933C-2389-4AB1-AFD9-E14D6ACF51C0}.Release|Any CPU.Build.0 = Release|Any CPU
		{E6521028-E6AF-4FD4-9540-404050CAB622}.Debug|Any CPU.ActiveCfg = Debug|Any CPU
		{E6521028-E6AF-4FD4-9540-404050CAB622}.Debug|Any CPU.Build.0 = Debug|Any CPU
		{E6521028-E6AF-4FD4-9540-404050CAB622}.Release|Any CPU.ActiveCfg = Release|Any CPU
		{E6521028-E6AF-4FD4-9540-404050CAB622}.Release|Any CPU.Build.0 = Release|Any CPU
		{4E1F19B6-E76F-497E-A0D5-59C9C87B8101}.Debug|Any CPU.ActiveCfg = Debug|Any CPU
		{4E1F19B6-E76F-497E-A0D5-59C9C87B8101}.Debug|Any CPU.Build.0 = Debug|Any CPU
		{4E1F19B6-E76F-497E-A0D5-59C9C87B8101}.Release|Any CPU.ActiveCfg = Release|Any CPU
		{4E1F19B6-E76F-497E-A0D5-59C9C87B8101}.Release|Any CPU.Build.0 = Release|Any CPU
		{1BEB7FF2-DBBB-4041-8BB4-99E4A1BCAF45}.Debug|Any CPU.ActiveCfg = Debug|Any CPU
		{1BEB7FF2-DBBB-4041-8BB4-99E4A1BCAF45}.Debug|Any CPU.Build.0 = Debug|Any CPU
		{1BEB7FF2-DBBB-4041-8BB4-99E4A1BCAF45}.Release|Any CPU.ActiveCfg = Release|Any CPU
		{1BEB7FF2-DBBB-4041-8BB4-99E4A1BCAF45}.Release|Any CPU.Build.0 = Release|Any CPU
		{990622DB-36A9-48C1-888A-CA76414077B5}.Debug|Any CPU.ActiveCfg = Debug|Any CPU
		{990622DB-36A9-48C1-888A-CA76414077B5}.Debug|Any CPU.Build.0 = Debug|Any CPU
		{990622DB-36A9-48C1-888A-CA76414077B5}.Release|Any CPU.ActiveCfg = Release|Any CPU
		{990622DB-36A9-48C1-888A-CA76414077B5}.Release|Any CPU.Build.0 = Release|Any CPU
	EndGlobalSection
	GlobalSection(SolutionProperties) = preSolution
		HideSolutionNode = FALSE
	EndGlobalSection
	GlobalSection(NestedProjects) = preSolution
		{AFAA0841-BD93-466F-B8F4-FB4EEC86F1FC} = {8013F02D-D56E-4378-BADA-2038C573049C}
		{F10AA149-2626-486E-85BB-9CD5365F3016} = {8013F02D-D56E-4378-BADA-2038C573049C}
		{0FA75A5B-AB83-4FD0-B545-279774C01E87} = {AFAA0841-BD93-466F-B8F4-FB4EEC86F1FC}
		{3870C648-4AEA-4B85-BA3F-F2F63B96136A} = {AFAA0841-BD93-466F-B8F4-FB4EEC86F1FC}
		{0D4C5D00-C144-4213-A007-4B8944113AB1} = {F10AA149-2626-486E-85BB-9CD5365F3016}
		{880B3591-E057-46FE-B525-10BD83828B93} = {AFAA0841-BD93-466F-B8F4-FB4EEC86F1FC}
		{38E184BD-E874-4633-A947-AED4FDB73F40} = {AFAA0841-BD93-466F-B8F4-FB4EEC86F1FC}
		{22CFE0D2-8DCA-42D7-AD7D-784C3862493F} = {AFAA0841-BD93-466F-B8F4-FB4EEC86F1FC}
		{A2213374-BB48-48FD-BBD4-81E6A961D866} = {AFAA0841-BD93-466F-B8F4-FB4EEC86F1FC}
		{E0580562-F8F2-4EBB-B07A-ABFC6F2C314F} = {AFAA0841-BD93-466F-B8F4-FB4EEC86F1FC}
		{2328598D-682B-4AED-866D-B87BCE1322BF} = {F10AA149-2626-486E-85BB-9CD5365F3016}
		{285F5360-6318-4E00-A13B-92FFC34F4A7C} = {DA99F457-1796-4D0A-AA62-D646204A9057}
		{04B32374-D7CD-4D15-8A64-1FFD6371F3B6} = {7BF050EF-A423-453D-898D-74610877BA6B}
		{F6F1EB9E-93AB-42AE-AC32-83E6AD1A1E3D} = {0811A758-A57A-4B91-A980-D96F34371ADD}
		{7F3DA510-1AC1-41BB-93BF-2CD33AA6E2BE} = {DA99F457-1796-4D0A-AA62-D646204A9057}
		{6DDD09B4-2C25-4C8B-B6D7-7E978438CD18} = {DA99F457-1796-4D0A-AA62-D646204A9057}
		{7B3F933C-2389-4AB1-AFD9-E14D6ACF51C0} = {7F3DA510-1AC1-41BB-93BF-2CD33AA6E2BE}
		{E6521028-E6AF-4FD4-9540-404050CAB622} = {7F3DA510-1AC1-41BB-93BF-2CD33AA6E2BE}
		{4E1F19B6-E76F-497E-A0D5-59C9C87B8101} = {7F3DA510-1AC1-41BB-93BF-2CD33AA6E2BE}
		{1BEB7FF2-DBBB-4041-8BB4-99E4A1BCAF45} = {DA99F457-1796-4D0A-AA62-D646204A9057}
		{990622DB-36A9-48C1-888A-CA76414077B5} = {DA99F457-1796-4D0A-AA62-D646204A9057}
	EndGlobalSection
	GlobalSection(ExtensibilityGlobals) = postSolution
		SolutionGuid = {53A5F3E5-FF56-4E5D-B2AC-723A4B2C3022}
	EndGlobalSection
EndGlobal
